# This file was autogenerated by Stack.
# You should not edit this file by hand.
# For more information, please see the documentation at:
#   https://docs.haskellstack.org/en/stable/lock_files

packages:
- completed:
    name: quickcheck-state-machine
    version: 0.7.1
    git: https://github.com/stevana/quickcheck-state-machine
    pantry-tree:
      size: 5413
      sha256: 6d718331db2d655e22a83db99e091f9c175240d101c593f60e0eb0d45b76b9a3
    commit: 1fce865f1c7b74cc7684c944657ac4fa75d50530
  original:
    git: https://github.com/stevana/quickcheck-state-machine
    commit: 1fce865f1c7b74cc7684c944657ac4fa75d50530
- completed:
    hackage: markov-chain-usage-model-0.0.0@sha256:1afa95faeb9213c4d960a669190078b41b89169462b8edd910472980671ba8c0,2112
    pantry-tree:
      size: 432
      sha256: 6871bd9281acf589296d0998a3d62892b036040ab10e74e8a0f356f68c194f4f
  original:
    hackage: markov-chain-usage-model-0.0.0@sha256:1afa95faeb9213c4d960a669190078b41b89169462b8edd910472980671ba8c0,2112
snapshots:
- completed:
    size: 619161
    url: https://raw.githubusercontent.com/commercialhaskell/stackage-snapshots/master/lts/19/17.yaml
    sha256: 7f47507fd037228a8d23cf830f5844e1f006221acebdd7cb49f2f5fb561e0546
  original:
    url: https://raw.githubusercontent.com/commercialhaskell/stackage-snapshots/master/lts/19/17.yaml
